
Microsoft Visual Studio Solution File, Format Version 12.00
# Visual Studio Version 17
VisualStudioVersion = 17.7.34221.43
MinimumVisualStudioVersion = 10.0.40219.1
Project("{FAE04EC0-301F-11D3-BF4B-00C04F79EFBC}") = "FirstGrpc", "FirstGrpc\FirstGrpc.csproj", "{D846F1EA-E634-4D64-B7D3-85217F11D574}"
EndProject
Global
	GlobalSection(SolutionConfigurationPlatforms) = preSolution
		Debug|Any CPU = Debug|Any CPU
		Release|Any CPU = Release|Any CPU
	EndGlobalSection
	GlobalSection(ProjectConfigurationPlatforms) = postSolution
		{D846F1EA-E634-4D64-B7D3-85217F11D574}.Debug|Any CPU.ActiveCfg = Debug|Any CPU
		{D846F1EA-E634-4D64-B7D3-85217F11D574}.Debug|Any CPU.Build.0 = Debug|Any CPU
		{D846F1EA-E634-4D64-B7D3-85217F11D574}.Release|Any CPU.ActiveCfg = Release|Any CPU
		{D846F1EA-E634-4D64-B7D3-85217F11D574}.Release|Any CPU.Build.0 = Release|Any CPU
	EndGlobalSection
	GlobalSection(SolutionProperties) = preSolution
		HideSolutionNode = FALSE
	EndGlobalSection
	GlobalSection(ExtensibilityGlobals) = postSolution
		SolutionGuid = {FF5DF4B5-AF57-4A48-B764-00B59245B8C7}
	EndGlobalSection
EndGlobal
